
Microsoft Visual Studio Solution File, Format Version 12.00
# Visual Studio 14
VisualStudioVersion = 14.0.25420.1
MinimumVisualStudioVersion = 10.0.40219.1
Project("{FAE04EC0-301F-11D3-BF4B-00C04F79EFBC}") = "CustomScrollbar", "CustomScrollbar\CustomScrollbar.csproj", "{C240503D-FBC8-4954-96F5-99D895CCC27D}"
EndProject
Project("{2150E333-8FDC-42A3-9474-1A3956D46DE8}") = "Solution Items", "Solution Items", "{FB313402-BF36-4AA6-AF6D-DA6A38AD9C79}"
	ProjectSection(SolutionItems) = preProject
		WebEssentials2015-Settings.json = WebEssentials2015-Settings.json
	EndProjectSection
EndProject
Global
	GlobalSection(SolutionConfigurationPlatforms) = preSolution
		Debug|Any CPU = Debug|Any CPU
		Release|Any CPU = Release|Any CPU
	EndGlobalSection
	GlobalSection(ProjectConfigurationPlatforms) = postSolution
		{C240503D-FBC8-4954-96F5-99D895CCC27D}.Debug|Any CPU.ActiveCfg = Debug|Any CPU
		{C240503D-FBC8-4954-96F5-99D895CCC27D}.Debug|Any CPU.Build.0 = Debug|Any CPU
		{C240503D-FBC8-4954-96F5-99D895CCC27D}.Release|Any CPU.ActiveCfg = Release|Any CPU
		{C240503D-FBC8-4954-96F5-99D895CCC27D}.Release|Any CPU.Build.0 = Release|Any CPU
	EndGlobalSection
	GlobalSection(SolutionProperties) = preSolution
		HideSolutionNode = FALSE
	EndGlobalSection
EndGlobal
